
Microsoft Visual Studio Solution File, Format Version 12.00
# Visual Studio 14
VisualStudioVersion = 14.0.25420.1
MinimumVisualStudioVersion = 10.0.40219.1
Project("{FAE04EC0-301F-11D3-BF4B-00C04F79EFBC}") = "IBatis", "IBatis\IBatis.csproj", "{EEFB7F1D-F273-4FDA-8B33-DB3837DA5DF7}"
EndProject
Project("{FAE04EC0-301F-11D3-BF4B-00C04F79EFBC}") = "IBaisTest", "IBaisTest\IBaisTest.csproj", "{D3A5987A-ADEE-4D51-9FEE-80636BE32FB2}"
EndProject
Global
	GlobalSection(SolutionConfigurationPlatforms) = preSolution
		Debug|Any CPU = Debug|Any CPU
		Release|Any CPU = Release|Any CPU
	EndGlobalSection
	GlobalSection(ProjectConfigurationPlatforms) = postSolution
		{EEFB7F1D-F273-4FDA-8B33-DB3837DA5DF7}.Debug|Any CPU.ActiveCfg = Debug|Any CPU
		{EEFB7F1D-F273-4FDA-8B33-DB3837DA5DF7}.Debug|Any CPU.Build.0 = Debug|Any CPU
		{EEFB7F1D-F273-4FDA-8B33-DB3837DA5DF7}.Release|Any CPU.ActiveCfg = Release|Any CPU
		{EEFB7F1D-F273-4FDA-8B33-DB3837DA5DF7}.Release|Any CPU.Build.0 = Release|Any CPU
		{D3A5987A-ADEE-4D51-9FEE-80636BE32FB2}.Debug|Any CPU.ActiveCfg = Debug|Any CPU
		{D3A5987A-ADEE-4D51-9FEE-80636BE32FB2}.Debug|Any CPU.Build.0 = Debug|Any CPU
		{D3A5987A-ADEE-4D51-9FEE-80636BE32FB2}.Release|Any CPU.ActiveCfg = Release|Any CPU
		{D3A5987A-ADEE-4D51-9FEE-80636BE32FB2}.Release|Any CPU.Build.0 = Release|Any CPU
	EndGlobalSection
	GlobalSection(SolutionProperties) = preSolution
		HideSolutionNode = FALSE
	EndGlobalSection
EndGlobal
